
Microsoft Visual Studio Solution File, Format Version 12.00
# Visual Studio Version 16
VisualStudioVersion = 16.0.30804.86
MinimumVisualStudioVersion = 10.0.40219.1
Project("{FAE04EC0-301F-11D3-BF4B-00C04F79EFBC}") = "Api", "Api\Api.csproj", "{0BD62DF9-1214-4B55-AF46-AC0B1E24D64F}"
EndProject
Project("{FAE04EC0-301F-11D3-BF4B-00C04F79EFBC}") = "Domain", "Domain\Domain.csproj", "{94A902CE-B96D-4EEA-BD06-2EFF4F907788}"
EndProject
Project("{FAE04EC0-301F-11D3-BF4B-00C04F79EFBC}") = "DAL", "DAL\DAL.csproj", "{EA5697ED-F87D-4798-843B-72F50FE73032}"
EndProject
Project("{FAE04EC0-301F-11D3-BF4B-00C04F79EFBC}") = "Services", "Services\Services.csproj", "{EE5C545D-8BFD-42E1-8A62-E28640DCB761}"
EndProject
Project("{FAE04EC0-301F-11D3-BF4B-00C04F79EFBC}") = "ClientApp", "ClientApp\ClientApp.csproj", "{01948E70-8727-4353-8509-275962512588}"
EndProject
Project("{2150E333-8FDC-42A3-9474-1A3956D46DE8}") = "Solution Items", "Solution Items", "{6E0C1DD4-5F8D-4508-9426-7822ACE5CE7E}"
	ProjectSection(SolutionItems) = preProject
		README.txt = README.txt
	EndProjectSection
EndProject
Global
	GlobalSection(SolutionConfigurationPlatforms) = preSolution
		Debug|Any CPU = Debug|Any CPU
		Release|Any CPU = Release|Any CPU
	EndGlobalSection
	GlobalSection(ProjectConfigurationPlatforms) = postSolution
		{0BD62DF9-1214-4B55-AF46-AC0B1E24D64F}.Debug|Any CPU.ActiveCfg = Debug|Any CPU
		{0BD62DF9-1214-4B55-AF46-AC0B1E24D64F}.Debug|Any CPU.Build.0 = Debug|Any CPU
		{0BD62DF9-1214-4B55-AF46-AC0B1E24D64F}.Release|Any CPU.ActiveCfg = Release|Any CPU
		{0BD62DF9-1214-4B55-AF46-AC0B1E24D64F}.Release|Any CPU.Build.0 = Release|Any CPU
		{94A902CE-B96D-4EEA-BD06-2EFF4F907788}.Debug|Any CPU.ActiveCfg = Debug|Any CPU
		{94A902CE-B96D-4EEA-BD06-2EFF4F907788}.Debug|Any CPU.Build.0 = Debug|Any CPU
		{94A902CE-B96D-4EEA-BD06-2EFF4F907788}.Release|Any CPU.ActiveCfg = Release|Any CPU
		{94A902CE-B96D-4EEA-BD06-2EFF4F907788}.Release|Any CPU.Build.0 = Release|Any CPU
		{EA5697ED-F87D-4798-843B-72F50FE73032}.Debug|Any CPU.ActiveCfg = Debug|Any CPU
		{EA5697ED-F87D-4798-843B-72F50FE73032}.Debug|Any CPU.Build.0 = Debug|Any CPU
		{EA5697ED-F87D-4798-843B-72F50FE73032}.Release|Any CPU.ActiveCfg = Release|Any CPU
		{EA5697ED-F87D-4798-843B-72F50FE73032}.Release|Any CPU.Build.0 = Release|Any CPU
		{EE5C545D-8BFD-42E1-8A62-E28640DCB761}.Debug|Any CPU.ActiveCfg = Debug|Any CPU
		{EE5C545D-8BFD-42E1-8A62-E28640DCB761}.Debug|Any CPU.Build.0 = Debug|Any CPU
		{EE5C545D-8BFD-42E1-8A62-E28640DCB761}.Release|Any CPU.ActiveCfg = Release|Any CPU
		{EE5C545D-8BFD-42E1-8A62-E28640DCB761}.Release|Any CPU.Build.0 = Release|Any CPU
		{01948E70-8727-4353-8509-275962512588}.Debug|Any CPU.ActiveCfg = Debug|Any CPU
		{01948E70-8727-4353-8509-275962512588}.Debug|Any CPU.Build.0 = Debug|Any CPU
		{01948E70-8727-4353-8509-275962512588}.Release|Any CPU.ActiveCfg = Release|Any CPU
		{01948E70-8727-4353-8509-275962512588}.Release|Any CPU.Build.0 = Release|Any CPU
	EndGlobalSection
	GlobalSection(SolutionProperties) = preSolution
		HideSolutionNode = FALSE
	EndGlobalSection
	GlobalSection(ExtensibilityGlobals) = postSolution
		SolutionGuid = {1A1740F0-11AA-4919-A90B-15D3B1FEC924}
	EndGlobalSection
EndGlobal
